// !$*UTF8*$!
{
	archiveVersion = 1;
	classes = {
	};
	objectVersion = 77;
	objects = {

/* Begin PBXBuildFile section */
		8400931D2F6BEE6100973993 /* VideoSDKRTCSwift in Frameworks */ = {isa = PBXBuildFile; productRef = 8400931C2F6BEE6100973993 /* VideoSDKRTCSwift */; };
		84FAB8FE2F67CC000000F930 /* ReplayKit.framework in Frameworks */ = {isa = PBXBuildFile; fileRef = 84FAB8862F67C6BD0000F930 /* ReplayKit.framework */; };
		84FAB9052F67CC000000F930 /* ScreenBroadcast.appex in Embed Foundation Extensions */ = {isa = PBXBuildFile; fileRef = 84FAB8FD2F67CC000000F930 /* ScreenBroadcast.appex */; settings = {ATTRIBUTES = (RemoveHeadersOnCopy, ); }; };
		84FAB9742F6BE7490000F930 /* Assets.xcassets in Resources */ = {isa = PBXBuildFile; fileRef = 84FAB95C2F6BE7490000F930 /* Assets.xcassets */; };
		84FAB9762F6BE7490000F930 /* SplashScreen.swift in Sources */ = {isa = PBXBuildFile; fileRef = 84FAB9582F6BE7490000F930 /* SplashScreen.swift */; };
		84FAB9772F6BE7490000F930 /* agent_starter_iosApp.swift in Sources */ = {isa = PBXBuildFile; fileRef = 84FAB95A2F6BE7490000F930 /* agent_starter_iosApp.swift */; };
		84FAB9782F6BE7490000F930 /* TranscriptItem.swift in Sources */ = {isa = PBXBuildFile; fileRef = 84FAB94E2F6BE7490000F930 /* TranscriptItem.swift */; };
		84FAB9792F6BE7490000F930 /* ParticipantTilesView.swift in Sources */ = {isa = PBXBuildFile; fileRef = 84FAB94C2F6BE7490000F930 /* ParticipantTilesView.swift */; };
		84FAB97A2F6BE7490000F930 /* BottomInputBar.swift in Sources */ = {isa = PBXBuildFile; fileRef = 84FAB94A2F6BE7490000F930 /* BottomInputBar.swift */; };
		84FAB97B2F6BE7490000F930 /* APIService.swift in Sources */ = {isa = PBXBuildFile; fileRef = 84FAB9452F6BE7490000F930 /* APIService.swift */; };
		84FAB97C2F6BE7490000F930 /* TileView.swift in Sources */ = {isa = PBXBuildFile; fileRef = 84FAB94D2F6BE7490000F930 /* TileView.swift */; };
		84FAB97D2F6BE7490000F930 /* AppConstants.swift in Sources */ = {isa = PBXBuildFile; fileRef = 84FAB9512F6BE7490000F930 /* AppConstants.swift */; };
		84FAB97E2F6BE7490000F930 /* Extensions.swift in Sources */ = {isa = PBXBuildFile; fileRef = 84FAB9522F6BE7490000F930 /* Extensions.swift */; };
		84FAB97F2F6BE7490000F930 /* GifImageView.swift in Sources */ = {isa = PBXBuildFile; fileRef = 84FAB94B2F6BE7490000F930 /* GifImageView.swift */; };
		84FAB9812F6BE7490000F930 /* TranscriptListView.swift in Sources */ = {isa = PBXBuildFile; fileRef = 84FAB94F2F6BE7490000F930 /* TranscriptListView.swift */; };
		84FAB9822F6BE7490000F930 /* CustomDialog.swift in Sources */ = {isa = PBXBuildFile; fileRef = 84FAB9572F6BE7490000F930 /* CustomDialog.swift */; };
		84FAB9832F6BE7490000F930 /* SplashController.swift in Sources */ = {isa = PBXBuildFile; fileRef = 84FAB9482F6BE7490000F930 /* SplashController.swift */; };
		84FAB9842F6BE7490000F930 /* RoundedCorner.swift in Sources */ = {isa = PBXBuildFile; fileRef = 84FAB9532F6BE7490000F930 /* RoundedCorner.swift */; };
		84FAB9852F6BE7490000F930 /* MeetingConfig.swift in Sources */ = {isa = PBXBuildFile; fileRef = 84FAB9462F6BE7490000F930 /* MeetingConfig.swift */; };
		84FAB9862F6BE7490000F930 /* AppDialog.swift in Sources */ = {isa = PBXBuildFile; fileRef = 84FAB9552F6BE7490000F930 /* AppDialog.swift */; };
		84FAB9872F6BE7490000F930 /* AudioDeviceSelectionSheet.swift in Sources */ = {isa = PBXBuildFile; fileRef = 84FAB9562F6BE7490000F930 /* AudioDeviceSelectionSheet.swift */; };
/* End PBXBuildFile section */

/* Begin PBXContainerItemProxy section */
		84FAB9032F67CC000000F930 /* PBXContainerItemProxy */ = {
			isa = PBXContainerItemProxy;
			containerPortal = 84D1781A2F618FEE0092F821 /* Project object */;
			proxyType = 1;
			remoteGlobalIDString = 84FAB8FC2F67CC000000F930;
			remoteInfo = ScreenBroadcast;
		};
/* End PBXContainerItemProxy section */

/* Begin PBXCopyFilesBuildPhase section */
		84FAB8A62F67C6BE0000F930 /* Embed Foundation Extensions */ = {
			isa = PBXCopyFilesBuildPhase;
			buildActionMask = 2147483647;
			dstPath = "";
			dstSubfolderSpec = 13;
			files = (
				84FAB9052F67CC000000F930 /* ScreenBroadcast.appex in Embed Foundation Extensions */,
			);
			name = "Embed Foundation Extensions";
			runOnlyForDeploymentPostprocessing = 0;
		};
/* End PBXCopyFilesBuildPhase section */

/* Begin PBXFileReference section */
		84D178222F618FEE0092F821 /* agent-starter-ios.app */ = {isa = PBXFileReference; explicitFileType = wrapper.application; includeInIndex = 0; path = "agent-starter-ios.app"; sourceTree = BUILT_PRODUCTS_DIR; };
		84FAB8862F67C6BD0000F930 /* ReplayKit.framework */ = {isa = PBXFileReference; lastKnownFileType = wrapper.framework; name = ReplayKit.framework; path = System/Library/Frameworks/ReplayKit.framework; sourceTree = SDKROOT; };
		84FAB8922F67C6BE0000F930 /* UIKit.framework */ = {isa = PBXFileReference; lastKnownFileType = wrapper.framework; name = UIKit.framework; path = System/Library/Frameworks/UIKit.framework; sourceTree = SDKROOT; };
		84FAB8FD2F67CC000000F930 /* ScreenBroadcast.appex */ = {isa = PBXFileReference; explicitFileType = "wrapper.app-extension"; includeInIndex = 0; path = ScreenBroadcast.appex; sourceTree = BUILT_PRODUCTS_DIR; };
		84FAB9452F6BE7490000F930 /* APIService.swift */ = {isa = PBXFileReference; lastKnownFileType = sourcecode.swift; path = APIService.swift; sourceTree = "<group>"; };
		84FAB9462F6BE7490000F930 /* MeetingConfig.swift */ = {isa = PBXFileReference; lastKnownFileType = sourcecode.swift; path = MeetingConfig.swift; sourceTree = "<group>"; };
		84FAB9482F6BE7490000F930 /* SplashController.swift */ = {isa = PBXFileReference; lastKnownFileType = sourcecode.swift; path = SplashController.swift; sourceTree = "<group>"; };
		84FAB94A2F6BE7490000F930 /* BottomInputBar.swift */ = {isa = PBXFileReference; lastKnownFileType = sourcecode.swift; path = BottomInputBar.swift; sourceTree = "<group>"; };
		84FAB94B2F6BE7490000F930 /* GifImageView.swift */ = {isa = PBXFileReference; lastKnownFileType = sourcecode.swift; path = GifImageView.swift; sourceTree = "<group>"; };
		84FAB94C2F6BE7490000F930 /* ParticipantTilesView.swift */ = {isa = PBXFileReference; lastKnownFileType = sourcecode.swift; path = ParticipantTilesView.swift; sourceTree = "<group>"; };
		84FAB94D2F6BE7490000F930 /* TileView.swift */ = {isa = PBXFileReference; lastKnownFileType = sourcecode.swift; path = TileView.swift; sourceTree = "<group>"; };
		84FAB94E2F6BE7490000F930 /* TranscriptItem.swift */ = {isa = PBXFileReference; lastKnownFileType = sourcecode.swift; path = TranscriptItem.swift; sourceTree = "<group>"; };
		84FAB94F2F6BE7490000F930 /* TranscriptListView.swift */ = {isa = PBXFileReference; lastKnownFileType = sourcecode.swift; path = TranscriptListView.swift; sourceTree = "<group>"; };
		84FAB9512F6BE7490000F930 /* AppConstants.swift */ = {isa = PBXFileReference; lastKnownFileType = sourcecode.swift; path = AppConstants.swift; sourceTree = "<group>"; };
		84FAB9522F6BE7490000F930 /* Extensions.swift */ = {isa = PBXFileReference; lastKnownFileType = sourcecode.swift; path = Extensions.swift; sourceTree = "<group>"; };
		84FAB9532F6BE7490000F930 /* RoundedCorner.swift */ = {isa = PBXFileReference; lastKnownFileType = sourcecode.swift; path = RoundedCorner.swift; sourceTree = "<group>"; };
		84FAB9552F6BE7490000F930 /* AppDialog.swift */ = {isa = PBXFileReference; lastKnownFileType = sourcecode.swift; path = AppDialog.swift; sourceTree = "<group>"; };
		84FAB9562F6BE7490000F930 /* AudioDeviceSelectionSheet.swift */ = {isa = PBXFileReference; lastKnownFileType = sourcecode.swift; path = AudioDeviceSelectionSheet.swift; sourceTree = "<group>"; };
		84FAB9572F6BE7490000F930 /* CustomDialog.swift */ = {isa = PBXFileReference; lastKnownFileType = sourcecode.swift; path = CustomDialog.swift; sourceTree = "<group>"; };
		84FAB9582F6BE7490000F930 /* SplashScreen.swift */ = {isa = PBXFileReference; lastKnownFileType = sourcecode.swift; path = SplashScreen.swift; sourceTree = "<group>"; };
		84FAB95A2F6BE7490000F930 /* agent_starter_iosApp.swift */ = {isa = PBXFileReference; lastKnownFileType = sourcecode.swift; path = agent_starter_iosApp.swift; sourceTree = "<group>"; };
		84FAB95B2F6BE7490000F930 /* agent-starter-ios.entitlements */ = {isa = PBXFileReference; lastKnownFileType = text.plist.entitlements; path = "agent-starter-ios.entitlements"; sourceTree = "<group>"; };
		84FAB95C2F6BE7490000F930 /* Assets.xcassets */ = {isa = PBXFileReference; lastKnownFileType = folder.assetcatalog; path = Assets.xcassets; sourceTree = "<group>"; };
		84FAB95E2F6BE7490000F930 /* Info.plist */ = {isa = PBXFileReference; lastKnownFileType = text.plist.xml; path = Info.plist; sourceTree = "<group>"; };
/* End PBXFileReference section */

/* Begin PBXFileSystemSynchronizedBuildFileExceptionSet section */
		84FAB9062F67CC000000F930 /* Exceptions for "ScreenBroadcast" folder in "ScreenBroadcast" target */ = {
			isa = PBXFileSystemSynchronizedBuildFileExceptionSet;
			membershipExceptions = (
				Info.plist,
			);
			target = 84FAB8FC2F67CC000000F930 /* ScreenBroadcast */;
		};
/* End PBXFileSystemSynchronizedBuildFileExceptionSet section */

/* Begin PBXFileSystemSynchronizedRootGroup section */
		84FAB8FF2F67CC000000F930 /* ScreenBroadcast */ = {
			isa = PBXFileSystemSynchronizedRootGroup;
			exceptions = (
				84FAB9062F67CC000000F930 /* Exceptions for "ScreenBroadcast" folder in "ScreenBroadcast" target */,
			);
			path = ScreenBroadcast;
			sourceTree = "<group>";
		};
/* End PBXFileSystemSynchronizedRootGroup section */

/* Begin PBXFrameworksBuildPhase section */
		84D1781F2F618FEE0092F821 /* Frameworks */ = {
			isa = PBXFrameworksBuildPhase;
			buildActionMask = 2147483647;
			files = (
				8400931D2F6BEE6100973993 /* VideoSDKRTCSwift in Frameworks */,
			);
			runOnlyForDeploymentPostprocessing = 0;
		};
		84FAB8FA2F67CC000000F930 /* Frameworks */ = {
			isa = PBXFrameworksBuildPhase;
			buildActionMask = 2147483647;
			files = (
				84FAB8FE2F67CC000000F930 /* ReplayKit.framework in Frameworks */,
			);
			runOnlyForDeploymentPostprocessing = 0;
		};
/* End PBXFrameworksBuildPhase section */

/* Begin PBXGroup section */
		84D178192F618FEE0092F821 = {
			isa = PBXGroup;
			children = (
				84FAB95F2F6BE7490000F930 /* agent-starter-ios */,
				84FAB8FF2F67CC000000F930 /* ScreenBroadcast */,
				84D178232F618FEE0092F821 /* Products */,
				8B6DE4E032346307A0DF2894 /* Frameworks */,
			);
			sourceTree = "<group>";
		};
		84D178232F618FEE0092F821 /* Products */ = {
			isa = PBXGroup;
			children = (
				84D178222F618FEE0092F821 /* agent-starter-ios.app */,
				84FAB8FD2F67CC000000F930 /* ScreenBroadcast.appex */,
			);
			name = Products;
			sourceTree = "<group>";
		};
		84FAB9472F6BE7490000F930 /* Constants */ = {
			isa = PBXGroup;
			children = (
				84FAB9452F6BE7490000F930 /* APIService.swift */,
				84FAB9462F6BE7490000F930 /* MeetingConfig.swift */,
			);
			path = Constants;
			sourceTree = "<group>";
		};
		84FAB9492F6BE7490000F930 /* Controllers */ = {
			isa = PBXGroup;
			children = (
				84FAB9482F6BE7490000F930 /* SplashController.swift */,
			);
			path = Controllers;
			sourceTree = "<group>";
		};
		84FAB9502F6BE7490000F930 /* CustomViews */ = {
			isa = PBXGroup;
			children = (
				84FAB94A2F6BE7490000F930 /* BottomInputBar.swift */,
				84FAB94B2F6BE7490000F930 /* GifImageView.swift */,
				84FAB94C2F6BE7490000F930 /* ParticipantTilesView.swift */,
				84FAB94D2F6BE7490000F930 /* TileView.swift */,
				84FAB94E2F6BE7490000F930 /* TranscriptItem.swift */,
				84FAB94F2F6BE7490000F930 /* TranscriptListView.swift */,
			);
			path = CustomViews;
			sourceTree = "<group>";
		};
		84FAB9542F6BE7490000F930 /* Utils */ = {
			isa = PBXGroup;
			children = (
				84FAB9512F6BE7490000F930 /* AppConstants.swift */,
				84FAB9522F6BE7490000F930 /* Extensions.swift */,
				84FAB9532F6BE7490000F930 /* RoundedCorner.swift */,
			);
			path = Utils;
			sourceTree = "<group>";
		};
		84FAB9592F6BE7490000F930 /* Views */ = {
			isa = PBXGroup;
			children = (
				84FAB9552F6BE7490000F930 /* AppDialog.swift */,
				84FAB9562F6BE7490000F930 /* AudioDeviceSelectionSheet.swift */,
				84FAB9572F6BE7490000F930 /* CustomDialog.swift */,
				84FAB9582F6BE7490000F930 /* SplashScreen.swift */,
			);
			path = Views;
			sourceTree = "<group>";
		};
		84FAB95F2F6BE7490000F930 /* agent-starter-ios */ = {
			isa = PBXGroup;
			children = (
				84FAB9472F6BE7490000F930 /* Constants */,
				84FAB9492F6BE7490000F930 /* Controllers */,
				84FAB9502F6BE7490000F930 /* CustomViews */,
				84FAB9542F6BE7490000F930 /* Utils */,
				84FAB9592F6BE7490000F930 /* Views */,
				84FAB95A2F6BE7490000F930 /* agent_starter_iosApp.swift */,
				84FAB95B2F6BE7490000F930 /* agent-starter-ios.entitlements */,
				84FAB95C2F6BE7490000F930 /* Assets.xcassets */,
				84FAB95E2F6BE7490000F930 /* Info.plist */,
			);
			path = "agent-starter-ios";
			sourceTree = "<group>";
		};
		8B6DE4E032346307A0DF2894 /* Frameworks */ = {
			isa = PBXGroup;
			children = (
				84FAB8862F67C6BD0000F930 /* ReplayKit.framework */,
				84FAB8922F67C6BE0000F930 /* UIKit.framework */,
			);
			name = Frameworks;
			sourceTree = "<group>";
		};
/* End PBXGroup section */

/* Begin PBXNativeTarget section */
		84D178212F618FEE0092F821 /* agent-starter-ios */ = {
			isa = PBXNativeTarget;
			buildConfigurationList = 84D1782D2F618FEF0092F821 /* Build configuration list for PBXNativeTarget "agent-starter-ios" */;
			buildPhases = (
				84D1781E2F618FEE0092F821 /* Sources */,
				84D1781F2F618FEE0092F821 /* Frameworks */,
				84D178202F618FEE0092F821 /* Resources */,
				84FAB8A62F67C6BE0000F930 /* Embed Foundation Extensions */,
			);
			buildRules = (
			);
			dependencies = (
				84FAB9042F67CC000000F930 /* PBXTargetDependency */,
			);
			name = "agent-starter-ios";
			productName = "agent-ios-example";
			productReference = 84D178222F618FEE0092F821 /* agent-starter-ios.app */;
			productType = "com.apple.product-type.application";
		};
		84FAB8FC2F67CC000000F930 /* ScreenBroadcast */ = {
			isa = PBXNativeTarget;
			buildConfigurationList = 84FAB9072F67CC000000F930 /* Build configuration list for PBXNativeTarget "ScreenBroadcast" */;
			buildPhases = (
				84FAB8F92F67CC000000F930 /* Sources */,
				84FAB8FA2F67CC000000F930 /* Frameworks */,
				84FAB8FB2F67CC000000F930 /* Resources */,
			);
			buildRules = (
			);
			dependencies = (
			);
			fileSystemSynchronizedGroups = (
				84FAB8FF2F67CC000000F930 /* ScreenBroadcast */,
			);
			name = ScreenBroadcast;
			productName = ScreenBroadcast;
			productReference = 84FAB8FD2F67CC000000F930 /* ScreenBroadcast.appex */;
			productType = "com.apple.product-type.app-extension";
		};
/* End PBXNativeTarget section */

/* Begin PBXProject section */
		84D1781A2F618FEE0092F821 /* Project object */ = {
			isa = PBXProject;
			attributes = {
				BuildIndependentTargetsInParallel = 1;
				LastSwiftUpdateCheck = 2610;
				LastUpgradeCheck = 2610;
				TargetAttributes = {
					84D178212F618FEE0092F821 = {
						CreatedOnToolsVersion = 26.1;
					};
					84FAB8FC2F67CC000000F930 = {
						CreatedOnToolsVersion = 26.1;
					};
				};
			};
			buildConfigurationList = 84D1781D2F618FEE0092F821 /* Build configuration list for PBXProject "agent-starter-ios" */;
			developmentRegion = en;
			hasScannedForEncodings = 0;
			knownRegions = (
				en,
				Base,
			);
			mainGroup = 84D178192F618FEE0092F821;
			minimizedProjectReferenceProxies = 1;
			packageReferences = (
				8400931B2F6BEE6100973993 /* XCRemoteSwiftPackageReference "videosdk-rtc-ios-spm" */,
			);
			preferredProjectObjectVersion = 77;
			productRefGroup = 84D178232F618FEE0092F821 /* Products */;
			projectDirPath = "";
			projectRoot = "";
			targets = (
				84D178212F618FEE0092F821 /* agent-starter-ios */,
				84FAB8FC2F67CC000000F930 /* ScreenBroadcast */,
			);
		};
/* End PBXProject section */

/* Begin PBXResourcesBuildPhase section */
		84D178202F618FEE0092F821 /* Resources */ = {
			isa = PBXResourcesBuildPhase;
			buildActionMask = 2147483647;
			files = (
				84FAB9742F6BE7490000F930 /* Assets.xcassets in Resources */,
			);
			runOnlyForDeploymentPostprocessing = 0;
		};
		84FAB8FB2F67CC000000F930 /* Resources */ = {
			isa = PBXResourcesBuildPhase;
			buildActionMask = 2147483647;
			files = (
			);
			runOnlyForDeploymentPostprocessing = 0;
		};
/* End PBXResourcesBuildPhase section */

/* Begin PBXSourcesBuildPhase section */
		84D1781E2F618FEE0092F821 /* Sources */ = {
			isa = PBXSourcesBuildPhase;
			buildActionMask = 2147483647;
			files = (
				84FAB9762F6BE7490000F930 /* SplashScreen.swift in Sources */,
				84FAB9772F6BE7490000F930 /* agent_starter_iosApp.swift in Sources */,
				84FAB9782F6BE7490000F930 /* TranscriptItem.swift in Sources */,
				84FAB9792F6BE7490000F930 /* ParticipantTilesView.swift in Sources */,
				84FAB97A2F6BE7490000F930 /* BottomInputBar.swift in Sources */,
				84FAB97B2F6BE7490000F930 /* APIService.swift in Sources */,
				84FAB97C2F6BE7490000F930 /* TileView.swift in Sources */,
				84FAB97D2F6BE7490000F930 /* AppConstants.swift in Sources */,
				84FAB97E2F6BE7490000F930 /* Extensions.swift in Sources */,
				84FAB97F2F6BE7490000F930 /* GifImageView.swift in Sources */,
				84FAB9812F6BE7490000F930 /* TranscriptListView.swift in Sources */,
				84FAB9822F6BE7490000F930 /* CustomDialog.swift in Sources */,
				84FAB9832F6BE7490000F930 /* SplashController.swift in Sources */,
				84FAB9842F6BE7490000F930 /* RoundedCorner.swift in Sources */,
				84FAB9852F6BE7490000F930 /* MeetingConfig.swift in Sources */,
				84FAB9862F6BE7490000F930 /* AppDialog.swift in Sources */,
				84FAB9872F6BE7490000F930 /* AudioDeviceSelectionSheet.swift in Sources */,
			);
			runOnlyForDeploymentPostprocessing = 0;
		};
		84FAB8F92F67CC000000F930 /* Sources */ = {
			isa = PBXSourcesBuildPhase;
			buildActionMask = 2147483647;
			files = (
			);
			runOnlyForDeploymentPostprocessing = 0;
		};
/* End PBXSourcesBuildPhase section */

/* Begin PBXTargetDependency section */
		84FAB9042F67CC000000F930 /* PBXTargetDependency */ = {
			isa = PBXTargetDependency;
			target = 84FAB8FC2F67CC000000F930 /* ScreenBroadcast */;
			targetProxy = 84FAB9032F67CC000000F930 /* PBXContainerItemProxy */;
		};
/* End PBXTargetDependency section */

/* Begin XCBuildConfiguration section */
		84D1782B2F618FEF0092F821 /* Debug */ = {
			isa = XCBuildConfiguration;
			buildSettings = {
				ALWAYS_SEARCH_USER_PATHS = NO;
				ASSETCATALOG_COMPILER_GENERATE_SWIFT_ASSET_SYMBOL_EXTENSIONS = YES;
				CLANG_ANALYZER_NONNULL = YES;
				CLANG_ANALYZER_NUMBER_OBJECT_CONVERSION = YES_AGGRESSIVE;
				CLANG_CXX_LANGUAGE_STANDARD = "gnu++20";
				CLANG_ENABLE_MODULES = YES;
				CLANG_ENABLE_OBJC_ARC = YES;
				CLANG_ENABLE_OBJC_WEAK = YES;
				CLANG_WARN_BLOCK_CAPTURE_AUTORELEASING = YES;
				CLANG_WARN_BOOL_CONVERSION = YES;
				CLANG_WARN_COMMA = YES;
				CLANG_WARN_CONSTANT_CONVERSION = YES;
				CLANG_WARN_DEPRECATED_OBJC_IMPLEMENTATIONS = YES;
				CLANG_WARN_DIRECT_OBJC_ISA_USAGE = YES_ERROR;
				CLANG_WARN_DOCUMENTATION_COMMENTS = YES;
				CLANG_WARN_EMPTY_BODY = YES;
				CLANG_WARN_ENUM_CONVERSION = YES;
				CLANG_WARN_INFINITE_RECURSION = YES;
				CLANG_WARN_INT_CONVERSION = YES;
				CLANG_WARN_NON_LITERAL_NULL_CONVERSION = YES;
				CLANG_WARN_OBJC_IMPLICIT_RETAIN_SELF = YES;
				CLANG_WARN_OBJC_LITERAL_CONVERSION = YES;
				CLANG_WARN_OBJC_ROOT_CLASS = YES_ERROR;
				CLANG_WARN_QUOTED_INCLUDE_IN_FRAMEWORK_HEADER = YES;
				CLANG_WARN_RANGE_LOOP_ANALYSIS = YES;
				CLANG_WARN_STRICT_PROTOTYPES = YES;
				CLANG_WARN_SUSPICIOUS_MOVE = YES;
				CLANG_WARN_UNGUARDED_AVAILABILITY = YES_AGGRESSIVE;
				CLANG_WARN_UNREACHABLE_CODE = YES;
				CLANG_WARN__DUPLICATE_METHOD_MATCH = YES;
				CODE_SIGN_ENTITLEMENTS = "/Users/parthasodariya/Documents/Agents/agent-starter-ios/agent-starter-ios/agent-starter-ios.entitlements";
				COPY_PHASE_STRIP = NO;
				DEBUG_INFORMATION_FORMAT = dwarf;
				DEVELOPMENT_TEAM = 8GZ776NSU2;
				ENABLE_STRICT_OBJC_MSGSEND = YES;
				ENABLE_TESTABILITY = YES;
				ENABLE_USER_SCRIPT_SANDBOXING = YES;
				GCC_C_LANGUAGE_STANDARD = gnu17;
				GCC_DYNAMIC_NO_PIC = NO;
				GCC_NO_COMMON_BLOCKS = YES;
				GCC_OPTIMIZATION_LEVEL = 0;
				GCC_PREPROCESSOR_DEFINITIONS = (
					"DEBUG=1",
					"$(inherited)",
				);
				GCC_WARN_64_TO_32_BIT_CONVERSION = YES;
				GCC_WARN_ABOUT_RETURN_TYPE = YES_ERROR;
				GCC_WARN_UNDECLARED_SELECTOR = YES;
				GCC_WARN_UNINITIALIZED_AUTOS = YES_AGGRESSIVE;
				GCC_WARN_UNUSED_FUNCTION = YES;
				GCC_WARN_UNUSED_VARIABLE = YES;
				IPHONEOS_DEPLOYMENT_TARGET = 26.1;
				LOCALIZATION_PREFERS_STRING_CATALOGS = YES;
				MTL_ENABLE_DEBUG_INFO = INCLUDE_SOURCE;
				MTL_FAST_MATH = YES;
				ONLY_ACTIVE_ARCH = YES;
				SDKROOT = iphoneos;
				SWIFT_ACTIVE_COMPILATION_CONDITIONS = "DEBUG $(inherited)";
				SWIFT_OPTIMIZATION_LEVEL = "-Onone";
			};
			name = Debug;
		};
		84D1782C2F618FEF0092F821 /* Release */ = {
			isa = XCBuildConfiguration;
			buildSettings = {
				ALWAYS_SEARCH_USER_PATHS = NO;
				ASSETCATALOG_COMPILER_GENERATE_SWIFT_ASSET_SYMBOL_EXTENSIONS = YES;
				CLANG_ANALYZER_NONNULL = YES;
				CLANG_ANALYZER_NUMBER_OBJECT_CONVERSION = YES_AGGRESSIVE;
				CLANG_CXX_LANGUAGE_STANDARD = "gnu++20";
				CLANG_ENABLE_MODULES = YES;
				CLANG_ENABLE_OBJC_ARC = YES;
				CLANG_ENABLE_OBJC_WEAK = YES;
				CLANG_WARN_BLOCK_CAPTURE_AUTORELEASING = YES;
				CLANG_WARN_BOOL_CONVERSION = YES;
				CLANG_WARN_COMMA = YES;
				CLANG_WARN_CONSTANT_CONVERSION = YES;
				CLANG_WARN_DEPRECATED_OBJC_IMPLEMENTATIONS = YES;
				CLANG_WARN_DIRECT_OBJC_ISA_USAGE = YES_ERROR;
				CLANG_WARN_DOCUMENTATION_COMMENTS = YES;
				CLANG_WARN_EMPTY_BODY = YES;
				CLANG_WARN_ENUM_CONVERSION = YES;
				CLANG_WARN_INFINITE_RECURSION = YES;
				CLANG_WARN_INT_CONVERSION = YES;
				CLANG_WARN_NON_LITERAL_NULL_CONVERSION = YES;
				CLANG_WARN_OBJC_IMPLICIT_RETAIN_SELF = YES;
				CLANG_WARN_OBJC_LITERAL_CONVERSION = YES;
				CLANG_WARN_OBJC_ROOT_CLASS = YES_ERROR;
				CLANG_WARN_QUOTED_INCLUDE_IN_FRAMEWORK_HEADER = YES;
				CLANG_WARN_RANGE_LOOP_ANALYSIS = YES;
				CLANG_WARN_STRICT_PROTOTYPES = YES;
				CLANG_WARN_SUSPICIOUS_MOVE = YES;
				CLANG_WARN_UNGUARDED_AVAILABILITY = YES_AGGRESSIVE;
				CLANG_WARN_UNREACHABLE_CODE = YES;
				CLANG_WARN__DUPLICATE_METHOD_MATCH = YES;
				CODE_SIGN_ENTITLEMENTS = "/Users/parthasodariya/Documents/Agents/agent-starter-ios/agent-starter-ios/agent-starter-ios.entitlements";
				COPY_PHASE_STRIP = NO;
				DEBUG_INFORMATION_FORMAT = "dwarf-with-dsym";
				DEVELOPMENT_TEAM = 8GZ776NSU2;
				ENABLE_NS_ASSERTIONS = NO;
				ENABLE_STRICT_OBJC_MSGSEND = YES;
				ENABLE_USER_SCRIPT_SANDBOXING = YES;
				GCC_C_LANGUAGE_STANDARD = gnu17;
				GCC_NO_COMMON_BLOCKS = YES;
				GCC_WARN_64_TO_32_BIT_CONVERSION = YES;
				GCC_WARN_ABOUT_RETURN_TYPE = YES_ERROR;
				GCC_WARN_UNDECLARED_SELECTOR = YES;
				GCC_WARN_UNINITIALIZED_AUTOS = YES_AGGRESSIVE;
				GCC_WARN_UNUSED_FUNCTION = YES;
				GCC_WARN_UNUSED_VARIABLE = YES;
				IPHONEOS_DEPLOYMENT_TARGET = 26.1;
				LOCALIZATION_PREFERS_STRING_CATALOGS = YES;
				MTL_ENABLE_DEBUG_INFO = NO;
				MTL_FAST_MATH = YES;
				SDKROOT = iphoneos;
				SWIFT_COMPILATION_MODE = wholemodule;
				VALIDATE_PRODUCT = YES;
			};
			name = Release;
		};
		84D1782E2F618FEF0092F821 /* Debug */ = {
			isa = XCBuildConfiguration;
			buildSettings = {
				ASSETCATALOG_COMPILER_APPICON_NAME = AppIcon;
				ASSETCATALOG_COMPILER_GLOBAL_ACCENT_COLOR_NAME = AccentColor;
				CODE_SIGN_ENTITLEMENTS = "agent-starter-ios/agent-starter-ios.entitlements";
				CODE_SIGN_IDENTITY = "Apple Development";
				CODE_SIGN_STYLE = Automatic;
				CURRENT_PROJECT_VERSION = 1;
				DEVELOPMENT_TEAM = 8GZ776NSU2;
				ENABLE_PREVIEWS = YES;
				ENABLE_USER_SCRIPT_SANDBOXING = NO;
				GENERATE_INFOPLIST_FILE = YES;
				INFOPLIST_FILE = "agent-starter-ios/Info.plist";
				INFOPLIST_KEY_NSCameraUsageDescription = "Allow camera access to start video.";
				INFOPLIST_KEY_NSMicrophoneUsageDescription = "Allow microphone access to start audio.";
				INFOPLIST_KEY_UIApplicationSceneManifest_Generation = YES;
				INFOPLIST_KEY_UIApplicationSupportsIndirectInputEvents = YES;
				INFOPLIST_KEY_UILaunchScreen_Generation = YES;
				INFOPLIST_KEY_UISupportedInterfaceOrientations_iPad = "UIInterfaceOrientationPortrait UIInterfaceOrientationPortraitUpsideDown UIInterfaceOrientationLandscapeLeft UIInterfaceOrientationLandscapeRight";
				INFOPLIST_KEY_UISupportedInterfaceOrientations_iPhone = "UIInterfaceOrientationPortrait UIInterfaceOrientationLandscapeLeft UIInterfaceOrientationLandscapeRight";
				IPHONEOS_DEPLOYMENT_TARGET = 18.6;
				LD_RUNPATH_SEARCH_PATHS = (
					"$(inherited)",
					"@executable_path/Frameworks",
				);
				MARKETING_VERSION = 1.0;
				PRODUCT_BUNDLE_IDENTIFIER = com.zujo.videosdk.example;
				PRODUCT_NAME = "$(TARGET_NAME)";
				PROVISIONING_PROFILE_SPECIFIER = "";
				STRING_CATALOG_GENERATE_SYMBOLS = YES;
				SWIFT_APPROACHABLE_CONCURRENCY = YES;
				SWIFT_DEFAULT_ACTOR_ISOLATION = MainActor;
				SWIFT_EMIT_LOC_STRINGS = YES;
				SWIFT_UPCOMING_FEATURE_MEMBER_IMPORT_VISIBILITY = YES;
				SWIFT_VERSION = 5.0;
				TARGETED_DEVICE_FAMILY = "1,2";
			};
			name = Debug;
		};
		84D1782F2F618FEF0092F821 /* Release */ = {
			isa = XCBuildConfiguration;
			buildSettings = {
				ASSETCATALOG_COMPILER_APPICON_NAME = AppIcon;
				ASSETCATALOG_COMPILER_GLOBAL_ACCENT_COLOR_NAME = AccentColor;
				CODE_SIGN_ENTITLEMENTS = "agent-starter-ios/agent-starter-ios.entitlements";
				CODE_SIGN_IDENTITY = "Apple Development";
				CODE_SIGN_STYLE = Automatic;
				CURRENT_PROJECT_VERSION = 1;
				DEVELOPMENT_TEAM = 8GZ776NSU2;
				ENABLE_PREVIEWS = YES;
				ENABLE_USER_SCRIPT_SANDBOXING = NO;
				GENERATE_INFOPLIST_FILE = YES;
				INFOPLIST_FILE = "agent-starter-ios/Info.plist";
				INFOPLIST_KEY_NSCameraUsageDescription = "Allow camera access to start video.";
				INFOPLIST_KEY_NSMicrophoneUsageDescription = "Allow microphone access to start audio.";
				INFOPLIST_KEY_UIApplicationSceneManifest_Generation = YES;
				INFOPLIST_KEY_UIApplicationSupportsIndirectInputEvents = YES;
				INFOPLIST_KEY_UILaunchScreen_Generation = YES;
				INFOPLIST_KEY_UISupportedInterfaceOrientations_iPad = "UIInterfaceOrientationPortrait UIInterfaceOrientationPortraitUpsideDown UIInterfaceOrientationLandscapeLeft UIInterfaceOrientationLandscapeRight";
				INFOPLIST_KEY_UISupportedInterfaceOrientations_iPhone = "UIInterfaceOrientationPortrait UIInterfaceOrientationLandscapeLeft UIInterfaceOrientationLandscapeRight";
				IPHONEOS_DEPLOYMENT_TARGET = 18.6;
				LD_RUNPATH_SEARCH_PATHS = (
					"$(inherited)",
					"@executable_path/Frameworks",
				);
				MARKETING_VERSION = 1.0;
				PRODUCT_BUNDLE_IDENTIFIER = com.zujo.videosdk.example;
				PRODUCT_NAME = "$(TARGET_NAME)";
				PROVISIONING_PROFILE_SPECIFIER = "";
				STRING_CATALOG_GENERATE_SYMBOLS = YES;
				SWIFT_APPROACHABLE_CONCURRENCY = YES;
				SWIFT_DEFAULT_ACTOR_ISOLATION = MainActor;
				SWIFT_EMIT_LOC_STRINGS = YES;
				SWIFT_UPCOMING_FEATURE_MEMBER_IMPORT_VISIBILITY = YES;
				SWIFT_VERSION = 5.0;
				TARGETED_DEVICE_FAMILY = "1,2";
			};
			name = Release;
		};
		84FAB9082F67CC000000F930 /* Debug */ = {
			isa = XCBuildConfiguration;
			buildSettings = {
				CODE_SIGN_ENTITLEMENTS = ScreenBroadcast/ScreenBroadcast.entitlements;
				CODE_SIGN_STYLE = Automatic;
				CURRENT_PROJECT_VERSION = 1;
				DEVELOPMENT_TEAM = 8GZ776NSU2;
				GENERATE_INFOPLIST_FILE = YES;
				INFOPLIST_FILE = ScreenBroadcast/Info.plist;
				INFOPLIST_KEY_CFBundleDisplayName = ScreenBroadcast;
				INFOPLIST_KEY_NSHumanReadableCopyright = "";
				IPHONEOS_DEPLOYMENT_TARGET = 18.6;
				LD_RUNPATH_SEARCH_PATHS = (
					"$(inherited)",
					"@executable_path/Frameworks",
					"@executable_path/../../Frameworks",
				);
				MARKETING_VERSION = 1.0;
				PRODUCT_BUNDLE_IDENTIFIER = com.zujo.videosdk.example.ScreenBroadcast;
				PRODUCT_NAME = "$(TARGET_NAME)";
				SKIP_INSTALL = YES;
				STRING_CATALOG_GENERATE_SYMBOLS = YES;
				SWIFT_APPROACHABLE_CONCURRENCY = YES;
				SWIFT_EMIT_LOC_STRINGS = YES;
				SWIFT_UPCOMING_FEATURE_MEMBER_IMPORT_VISIBILITY = YES;
				SWIFT_VERSION = 5.0;
				TARGETED_DEVICE_FAMILY = "1,2";
			};
			name = Debug;
		};
		84FAB9092F67CC000000F930 /* Release */ = {
			isa = XCBuildConfiguration;
			buildSettings = {
				CODE_SIGN_ENTITLEMENTS = ScreenBroadcast/ScreenBroadcast.entitlements;
				CODE_SIGN_STYLE = Automatic;
				CURRENT_PROJECT_VERSION = 1;
				DEVELOPMENT_TEAM = 8GZ776NSU2;
				GENERATE_INFOPLIST_FILE = YES;
				INFOPLIST_FILE = ScreenBroadcast/Info.plist;
				INFOPLIST_KEY_CFBundleDisplayName = ScreenBroadcast;
				INFOPLIST_KEY_NSHumanReadableCopyright = "";
				IPHONEOS_DEPLOYMENT_TARGET = 18.6;
				LD_RUNPATH_SEARCH_PATHS = (
					"$(inherited)",
					"@executable_path/Frameworks",
					"@executable_path/../../Frameworks",
				);
				MARKETING_VERSION = 1.0;
				PRODUCT_BUNDLE_IDENTIFIER = com.zujo.videosdk.example.ScreenBroadcast;
				PRODUCT_NAME = "$(TARGET_NAME)";
				SKIP_INSTALL = YES;
				STRING_CATALOG_GENERATE_SYMBOLS = YES;
				SWIFT_APPROACHABLE_CONCURRENCY = YES;
				SWIFT_EMIT_LOC_STRINGS = YES;
				SWIFT_UPCOMING_FEATURE_MEMBER_IMPORT_VISIBILITY = YES;
				SWIFT_VERSION = 5.0;
				TARGETED_DEVICE_FAMILY = "1,2";
			};
			name = Release;
		};
/* End XCBuildConfiguration section */

/* Begin XCConfigurationList section */
		84D1781D2F618FEE0092F821 /* Build configuration list for PBXProject "agent-starter-ios" */ = {
			isa = XCConfigurationList;
			buildConfigurations = (
				84D1782B2F618FEF0092F821 /* Debug */,
				84D1782C2F618FEF0092F821 /* Release */,
			);
			defaultConfigurationIsVisible = 0;
			defaultConfigurationName = Release;
		};
		84D1782D2F618FEF0092F821 /* Build configuration list for PBXNativeTarget "agent-starter-ios" */ = {
			isa = XCConfigurationList;
			buildConfigurations = (
				84D1782E2F618FEF0092F821 /* Debug */,
				84D1782F2F618FEF0092F821 /* Release */,
			);
			defaultConfigurationIsVisible = 0;
			defaultConfigurationName = Release;
		};
		84FAB9072F67CC000000F930 /* Build configuration list for PBXNativeTarget "ScreenBroadcast" */ = {
			isa = XCConfigurationList;
			buildConfigurations = (
				84FAB9082F67CC000000F930 /* Debug */,
				84FAB9092F67CC000000F930 /* Release */,
			);
			defaultConfigurationIsVisible = 0;
			defaultConfigurationName = Release;
		};
/* End XCConfigurationList section */

/* Begin XCRemoteSwiftPackageReference section */
		8400931B2F6BEE6100973993 /* XCRemoteSwiftPackageReference "videosdk-rtc-ios-spm" */ = {
			isa = XCRemoteSwiftPackageReference;
			repositoryURL = "https://github.com/videosdk-live/videosdk-rtc-ios-spm";
			requirement = {
				branch = main;
				kind = branch;
			};
		};
/* End XCRemoteSwiftPackageReference section */

/* Begin XCSwiftPackageProductDependency section */
		8400931C2F6BEE6100973993 /* VideoSDKRTCSwift */ = {
			isa = XCSwiftPackageProductDependency;
			package = 8400931B2F6BEE6100973993 /* XCRemoteSwiftPackageReference "videosdk-rtc-ios-spm" */;
			productName = VideoSDKRTCSwift;
		};
/* End XCSwiftPackageProductDependency section */
	};
	rootObject = 84D1781A2F618FEE0092F821 /* Project object */;
}
